// !$*UTF8*$!
{
	archiveVersion = 1;
	classes = {
	};
	objectVersion = 48;
	objects = {

/* Begin PBXBuildFile section */
		035A45DA1FDA32B500AD172E /* AppDelegate.m in Sources */ = {isa = PBXBuildFile; fileRef = 035A45D91FDA32B500AD172E /* AppDelegate.m */; };
		035A45DD1FDA32B500AD172E /* ViewController.m in Sources */ = {isa = PBXBuildFile; fileRef = 035A45DC1FDA32B500AD172E /* ViewController.m */; };
		035A45E01FDA32B500AD172E /* Main.storyboard in Resources */ = {isa = PBXBuildFile; fileRef = 035A45DE1FDA32B500AD172E /* Main.storyboard */; };
		035A45E21FDA32B500AD172E /* Assets.xcassets in Resources */ = {isa = PBXBuildFile; fileRef = 035A45E11FDA32B500AD172E /* Assets.xcassets */; };
		035A45E51FDA32B500AD172E /* LaunchScreen.storyboard in Resources */ = {isa = PBXBuildFile; fileRef = 035A45E31FDA32B500AD172E /* LaunchScreen.storyboard */; };
		035A45E81FDA32B500AD172E /* main.m in Sources */ = {isa = PBXBuildFile; fileRef = 035A45E71FDA32B500AD172E /* main.m */; };
		71E4A1844D53A900F447D928 /* libPods-FrameworkTest.a in Frameworks */ = {isa = PBXBuildFile; fileRef = 8CDB7DA3865A3B41C4EC2645 /* libPods-FrameworkTest.a */; };
/* End PBXBuildFile section */

/* Begin PBXFileReference section */
		035A45D51FDA32B500AD172E /* FrameworkTest.app */ = {isa = PBXFileReference; explicitFileType = wrapper.application; includeInIndex = 0; path = FrameworkTest.app; sourceTree = BUILT_PRODUCTS_DIR; };
		035A45D81FDA32B500AD172E /* AppDelegate.h */ = {isa = PBXFileReference; lastKnownFileType = sourcecode.c.h; path = AppDelegate.h; sourceTree = "<group>"; };
		035A45D91FDA32B500AD172E /* AppDelegate.m */ = {isa = PBXFileReference; lastKnownFileType = sourcecode.c.objc; path = AppDelegate.m; sourceTree = "<group>"; };
		035A45DB1FDA32B500AD172E /* ViewController.h */ = {isa = PBXFileReference; lastKnownFileType = sourcecode.c.h; path = ViewController.h; sourceTree = "<group>"; };
		035A45DC1FDA32B500AD172E /* ViewController.m */ = {isa = PBXFileReference; lastKnownFileType = sourcecode.c.objc; path = ViewController.m; sourceTree = "<group>"; };
		035A45DF1FDA32B500AD172E /* Base */ = {isa = PBXFileReference; lastKnownFileType = file.storyboard; name = Base; path = Base.lproj/Main.storyboard; sourceTree = "<group>"; };
		035A45E11FDA32B500AD172E /* Assets.xcassets */ = {isa = PBXFileReference; lastKnownFileType = folder.assetcatalog; path = Assets.xcassets; sourceTree = "<group>"; };
		035A45E41FDA32B500AD172E /* Base */ = {isa = PBXFileReference; lastKnownFileType = file.storyboard; name = Base; path = Base.lproj/LaunchScreen.storyboard; sourceTree = "<group>"; };
		035A45E61FDA32B500AD172E /* Info.plist */ = {isa = PBXFileReference; lastKnownFileType = text.plist.xml; path = Info.plist; sourceTree = "<group>"; };
		035A45E71FDA32B500AD172E /* main.m */ = {isa = PBXFileReference; lastKnownFileType = sourcecode.c.objc; path = main.m; sourceTree = "<group>"; };
		8CDB7DA3865A3B41C4EC2645 /* libPods-FrameworkTest.a */ = {isa = PBXFileReference; explicitFileType = archive.ar; includeInIndex = 0; path = "libPods-FrameworkTest.a"; sourceTree = BUILT_PRODUCTS_DIR; };
		B2F8FEA9FDB13080964CDE74 /* Pods-FrameworkTest.release.xcconfig */ = {isa = PBXFileReference; includeInIndex = 1; lastKnownFileType = text.xcconfig; name = "Pods-FrameworkTest.release.xcconfig"; path = "Pods/Target Support Files/Pods-FrameworkTest/Pods-FrameworkTest.release.xcconfig"; sourceTree = "<group>"; };
		CB59BB289FB132939CE219B3 /* Pods-FrameworkTest.debug.xcconfig */ = {isa = PBXFileReference; includeInIndex = 1; lastKnownFileType = text.xcconfig; name = "Pods-FrameworkTest.debug.xcconfig"; path = "Pods/Target Support Files/Pods-FrameworkTest/Pods-FrameworkTest.debug.xcconfig"; sourceTree = "<group>"; };
/* End PBXFileReference section */

/* Begin PBXFrameworksBuildPhase section */
		035A45D21FDA32B500AD172E /* Frameworks */ = {
			isa = PBXFrameworksBuildPhase;
			buildActionMask = 2147483647;
			files = (
				71E4A1844D53A900F447D928 /* libPods-FrameworkTest.a in Frameworks */,
			);
			runOnlyForDeploymentPostprocessing = 0;
		};
/* End PBXFrameworksBuildPhase section */

/* Begin PBXGroup section */
		035A45CC1FDA32B500AD172E = {
			isa = PBXGroup;
			children = (
				035A45D71FDA32B500AD172E /* FrameworkTest */,
				035A45D61FDA32B500AD172E /* Products */,
				0FF0828B5A8DEB51D92FEFBF /* Pods */,
				AF6A5C0DF3F8F2AFD678388A /* Frameworks */,
			);
			sourceTree = "<group>";
		};
		035A45D61FDA32B500AD172E /* Products */ = {
			isa = PBXGroup;
			children = (
				035A45D51FDA32B500AD172E /* FrameworkTest.app */,
			);
			name = Products;
			sourceTree = "<group>";
		};
		035A45D71FDA32B500AD172E /* FrameworkTest */ = {
			isa = PBXGroup;
			children = (
				035A45D81FDA32B500AD172E /* AppDelegate.h */,
				035A45D91FDA32B500AD172E /* AppDelegate.m */,
				035A45DB1FDA32B500AD172E /* ViewController.h */,
				035A45DC1FDA32B500AD172E /* ViewController.m */,
				035A45DE1FDA32B500AD172E /* Main.storyboard */,
				035A45E11FDA32B500AD172E /* Assets.xcassets */,
				035A45E31FDA32B500AD172E /* LaunchScreen.storyboard */,
				035A45E61FDA32B500AD172E /* Info.plist */,
				035A45E71FDA32B500AD172E /* main.m */,
			);
			path = FrameworkTest;
			sourceTree = "<group>";
		};
		0FF0828B5A8DEB51D92FEFBF /* Pods */ = {
			isa = PBXGroup;
			children = (
				CB59BB289FB132939CE219B3 /* Pods-FrameworkTest.debug.xcconfig */,
				B2F8FEA9FDB13080964CDE74 /* Pods-FrameworkTest.release.xcconfig */,
			);
			name = Pods;
			sourceTree = "<group>";
		};
		AF6A5C0DF3F8F2AFD678388A /* Frameworks */ = {
			isa = PBXGroup;
			children = (
				8CDB7DA3865A3B41C4EC2645 /* libPods-FrameworkTest.a */,
			);
			name = Frameworks;
			sourceTree = "<group>";
		};
/* End PBXGroup section */

/* Begin PBXNativeTarget section */
		035A45D41FDA32B500AD172E /* FrameworkTest */ = {
			isa = PBXNativeTarget;
			buildConfigurationList = 035A45EB1FDA32B500AD172E /* Build configuration list for PBXNativeTarget "FrameworkTest" */;
			buildPhases = (
				25F1498DC1169AAF0FD6313D /* [CP] Check Pods Manifest.lock */,
				035A45D11FDA32B500AD172E /* Sources */,
				035A45D21FDA32B500AD172E /* Frameworks */,
				035A45D31FDA32B500AD172E /* Resources */,
				FCA1B08CDC3064E18C21B44C /* [CP] Embed Pods Frameworks */,
				367030C4F03C36A7FFD315C1 /* [CP] Copy Pods Resources */,
			);
			buildRules = (
			);
			dependencies = (
			);
			name = FrameworkTest;
			productName = FrameworkTest;
			productReference = 035A45D51FDA32B500AD172E /* FrameworkTest.app */;
			productType = "com.apple.product-type.application";
		};
/* End PBXNativeTarget section */

/* Begin PBXProject section */
		035A45CD1FDA32B500AD172E /* Project object */ = {
			isa = PBXProject;
			attributes = {
				LastUpgradeCheck = 0910;
				ORGANIZATIONNAME = POLYV;
				TargetAttributes = {
					035A45D41FDA32B500AD172E = {
						CreatedOnToolsVersion = 9.1;
						ProvisioningStyle = Automatic;
					};
				};
			};
			buildConfigurationList = 035A45D01FDA32B500AD172E /* Build configuration list for PBXProject "FrameworkTest" */;
			compatibilityVersion = "Xcode 8.0";
			developmentRegion = en;
			hasScannedForEncodings = 0;
			knownRegions = (
				en,
				Base,
			);
			mainGroup = 035A45CC1FDA32B500AD172E;
			productRefGroup = 035A45D61FDA32B500AD172E /* Products */;
			projectDirPath = "";
			projectRoot = "";
			targets = (
				035A45D41FDA32B500AD172E /* FrameworkTest */,
			);
		};
/* End PBXProject section */

/* Begin PBXResourcesBuildPhase section */
		035A45D31FDA32B500AD172E /* Resources */ = {
			isa = PBXResourcesBuildPhase;
			buildActionMask = 2147483647;
			files = (
				035A45E51FDA32B500AD172E /* LaunchScreen.storyboard in Resources */,
				035A45E21FDA32B500AD172E /* Assets.xcassets in Resources */,
				035A45E01FDA32B500AD172E /* Main.storyboard in Resources */,
			);
			runOnlyForDeploymentPostprocessing = 0;
		};
/* End PBXResourcesBuildPhase section */

/* Begin PBXShellScriptBuildPhase section */
		25F1498DC1169AAF0FD6313D /* [CP] Check Pods Manifest.lock */ = {
			isa = PBXShellScriptBuildPhase;
			buildActionMask = 2147483647;
			files = (
			);
			inputPaths = (
				"${PODS_PODFILE_DIR_PATH}/Podfile.lock",
				"${PODS_ROOT}/Manifest.lock",
			);
			name = "[CP] Check Pods Manifest.lock";
			outputPaths = (
				"$(DERIVED_FILE_DIR)/Pods-FrameworkTest-checkManifestLockResult.txt",
			);
			runOnlyForDeploymentPostprocessing = 0;
			shellPath = /bin/sh;
			shellScript = "diff \"${PODS_PODFILE_DIR_PATH}/Podfile.lock\" \"${PODS_ROOT}/Manifest.lock\" > /dev/null\nif [ $? != 0 ] ; then\n    # print error to STDERR\n    echo \"error: The sandbox is not in sync with the Podfile.lock. Run 'pod install' or update your CocoaPods installation.\" >&2\n    exit 1\nfi\n# This output is used by Xcode 'outputs' to avoid re-running this script phase.\necho \"SUCCESS\" > \"${SCRIPT_OUTPUT_FILE_0}\"\n";
			showEnvVarsInLog = 0;
		};
		367030C4F03C36A7FFD315C1 /* [CP] Copy Pods Resources */ = {
			isa = PBXShellScriptBuildPhase;
			buildActionMask = 2147483647;
			files = (
			);
			inputPaths = (
			);
			name = "[CP] Copy Pods Resources";
			outputPaths = (
			);
			runOnlyForDeploymentPostprocessing = 0;
			shellPath = /bin/sh;
			shellScript = "\"${SRCROOT}/Pods/Target Support Files/Pods-FrameworkTest/Pods-FrameworkTest-resources.sh\"\n";
			showEnvVarsInLog = 0;
		};
		FCA1B08CDC3064E18C21B44C /* [CP] Embed Pods Frameworks */ = {
			isa = PBXShellScriptBuildPhase;
			buildActionMask = 2147483647;
			files = (
			);
			inputPaths = (
				"${SRCROOT}/Pods/Target Support Files/Pods-FrameworkTest/Pods-FrameworkTest-frameworks.sh",
				"${BUILT_PRODUCTS_DIR}/PLVTimer/PLVTimer.framework",
			);
			name = "[CP] Embed Pods Frameworks";
			outputPaths = (
				"${TARGET_BUILD_DIR}/${FRAMEWORKS_FOLDER_PATH}/PLVTimer.framework",
			);
			runOnlyForDeploymentPostprocessing = 0;
			shellPath = /bin/sh;
			shellScript = "\"${SRCROOT}/Pods/Target Support Files/Pods-FrameworkTest/Pods-FrameworkTest-frameworks.sh\"\n";
			showEnvVarsInLog = 0;
		};
/* End PBXShellScriptBuildPhase section */

/* Begin PBXSourcesBuildPhase section */
		035A45D11FDA32B500AD172E /* Sources */ = {
			isa = PBXSourcesBuildPhase;
			buildActionMask = 2147483647;
			files = (
				035A45DD1FDA32B500AD172E /* ViewController.m in Sources */,
				035A45E81FDA32B500AD172E /* main.m in Sources */,
				035A45DA1FDA32B500AD172E /* AppDelegate.m in Sources */,
			);
			runOnlyForDeploymentPostprocessing = 0;
		};
/* End PBXSourcesBuildPhase section */

/* Begin PBXVariantGroup section */
		035A45DE1FDA32B500AD172E /* Main.storyboard */ = {
			isa = PBXVariantGroup;
			children = (
				035A45DF1FDA32B500AD172E /* Base */,
			);
			name = Main.storyboard;
			sourceTree = "<group>";
		};
		035A45E31FDA32B500AD172E /* LaunchScreen.storyboard */ = {
			isa = PBXVariantGroup;
			children = (
				035A45E41FDA32B500AD172E /* Base */,
			);
			name = LaunchScreen.storyboard;
			sourceTree = "<group>";
		};
/* End PBXVariantGroup section */

/* Begin XCBuildConfiguration section */
		035A45E91FDA32B500AD172E /* Debug */ = {
			isa = XCBuildConfiguration;
			buildSettings = {
				ALWAYS_SEARCH_USER_PATHS = NO;
				CLANG_ANALYZER_NONNULL = YES;
				CLANG_ANALYZER_NUMBER_OBJECT_CONVERSION = YES_AGGRESSIVE;
				CLANG_CXX_LANGUAGE_STANDARD = "gnu++14";
				CLANG_CXX_LIBRARY = "libc++";
				CLANG_ENABLE_MODULES = YES;
				CLANG_ENABLE_OBJC_ARC = YES;
				CLANG_WARN_BLOCK_CAPTURE_AUTORELEASING = YES;
				CLANG_WARN_BOOL_CONVERSION = YES;
				CLANG_WARN_COMMA = YES;
				CLANG_WARN_CONSTANT_CONVERSION = YES;
				CLANG_WARN_DIRECT_OBJC_ISA_USAGE = YES_ERROR;
				CLANG_WARN_DOCUMENTATION_COMMENTS = YES;
				CLANG_WARN_EMPTY_BODY = YES;
				CLANG_WARN_ENUM_CONVERSION = YES;
				CLANG_WARN_INFINITE_RECURSION = YES;
				CLANG_WARN_INT_CONVERSION = YES;
				CLANG_WARN_NON_LITERAL_NULL_CONVERSION = YES;
				CLANG_WARN_OBJC_LITERAL_CONVERSION = YES;
				CLANG_WARN_OBJC_ROOT_CLASS = YES_ERROR;
				CLANG_WARN_RANGE_LOOP_ANALYSIS = YES;
				CLANG_WARN_STRICT_PROTOTYPES = YES;
				CLANG_WARN_SUSPICIOUS_MOVE = YES;
				CLANG_WARN_UNGUARDED_AVAILABILITY = YES_AGGRESSIVE;
				CLANG_WARN_UNREACHABLE_CODE = YES;
				CLANG_WARN__DUPLICATE_METHOD_MATCH = YES;
				CODE_SIGN_IDENTITY = "iPhone Developer";
				COPY_PHASE_STRIP = NO;
				DEBUG_INFORMATION_FORMAT = dwarf;
				ENABLE_STRICT_OBJC_MSGSEND = YES;
				ENABLE_TESTABILITY = YES;
				GCC_C_LANGUAGE_STANDARD = gnu11;
				GCC_DYNAMIC_NO_PIC = NO;
				GCC_NO_COMMON_BLOCKS = YES;
				GCC_OPTIMIZATION_LEVEL = 0;
				GCC_PREPROCESSOR_DEFINITIONS = (
					"DEBUG=1",
					"$(inherited)",
				);
				GCC_WARN_64_TO_32_BIT_CONVERSION = YES;
				GCC_WARN_ABOUT_RETURN_TYPE = YES_ERROR;
				GCC_WARN_UNDECLARED_SELECTOR = YES;
				GCC_WARN_UNINITIALIZED_AUTOS = YES_AGGRESSIVE;
				GCC_WARN_UNUSED_FUNCTION = YES;
				GCC_WARN_UNUSED_VARIABLE = YES;
				IPHONEOS_DEPLOYMENT_TARGET = 11.1;
				MTL_ENABLE_DEBUG_INFO = YES;
				ONLY_ACTIVE_ARCH = YES;
				SDKROOT = iphoneos;
			};
			name = Debug;
		};
		035A45EA1FDA32B500AD172E /* Release */ = {
			isa = XCBuildConfiguration;
			buildSettings = {
				ALWAYS_SEARCH_USER_PATHS = NO;
				CLANG_ANALYZER_NONNULL = YES;
				CLANG_ANALYZER_NUMBER_OBJECT_CONVERSION = YES_AGGRESSIVE;
				CLANG_CXX_LANGUAGE_STANDARD = "gnu++14";
				CLANG_CXX_LIBRARY = "libc++";
				CLANG_ENABLE_MODULES = YES;
				CLANG_ENABLE_OBJC_ARC = YES;
				CLANG_WARN_BLOCK_CAPTURE_AUTORELEASING = YES;
				CLANG_WARN_BOOL_CONVERSION = YES;
				CLANG_WARN_COMMA = YES;
				CLANG_WARN_CONSTANT_CONVERSION = YES;
				CLANG_WARN_DIRECT_OBJC_ISA_USAGE = YES_ERROR;
				CLANG_WARN_DOCUMENTATION_COMMENTS = YES;
				CLANG_WARN_EMPTY_BODY = YES;
				CLANG_WARN_ENUM_CONVERSION = YES;
				CLANG_WARN_INFINITE_RECURSION = YES;
				CLANG_WARN_INT_CONVERSION = YES;
				CLANG_WARN_NON_LITERAL_NULL_CONVERSION = YES;
				CLANG_WARN_OBJC_LITERAL_CONVERSION = YES;
				CLANG_WARN_OBJC_ROOT_CLASS = YES_ERROR;
				CLANG_WARN_RANGE_LOOP_ANALYSIS = YES;
				CLANG_WARN_STRICT_PROTOTYPES = YES;
				CLANG_WARN_SUSPICIOUS_MOVE = YES;
				CLANG_WARN_UNGUARDED_AVAILABILITY = YES_AGGRESSIVE;
				CLANG_WARN_UNREACHABLE_CODE = YES;
				CLANG_WARN__DUPLICATE_METHOD_MATCH = YES;
				CODE_SIGN_IDENTITY = "iPhone Developer";
				COPY_PHASE_STRIP = NO;
				DEBUG_INFORMATION_FORMAT = "dwarf-with-dsym";
				ENABLE_NS_ASSERTIONS = NO;
				ENABLE_STRICT_OBJC_MSGSEND = YES;
				GCC_C_LANGUAGE_STANDARD = gnu11;
				GCC_NO_COMMON_BLOCKS = YES;
				GCC_WARN_64_TO_32_BIT_CONVERSION = YES;
				GCC_WARN_ABOUT_RETURN_TYPE = YES_ERROR;
				GCC_WARN_UNDECLARED_SELECTOR = YES;
				GCC_WARN_UNINITIALIZED_AUTOS = YES_AGGRESSIVE;
				GCC_WARN_UNUSED_FUNCTION = YES;
				GCC_WARN_UNUSED_VARIABLE = YES;
				IPHONEOS_DEPLOYMENT_TARGET = 11.1;
				MTL_ENABLE_DEBUG_INFO = NO;
				SDKROOT = iphoneos;
				VALIDATE_PRODUCT = YES;
			};
			name = Release;
		};
		035A45EC1FDA32B500AD172E /* Debug */ = {
			isa = XCBuildConfiguration;
			baseConfigurationReference = CB59BB289FB132939CE219B3 /* Pods-FrameworkTest.debug.xcconfig */;
			buildSettings = {
				ASSETCATALOG_COMPILER_APPICON_NAME = AppIcon;
				CODE_SIGN_STYLE = Automatic;
				DEVELOPMENT_TEAM = ETRBR9HA5V;
				INFOPLIST_FILE = FrameworkTest/Info.plist;
				LD_RUNPATH_SEARCH_PATHS = "$(inherited) @executable_path/Frameworks";
				PRODUCT_BUNDLE_IDENTIFIER = net.polyv.FrameworkTest;
				PRODUCT_NAME = "$(TARGET_NAME)";
				TARGETED_DEVICE_FAMILY = "1,2";
			};
			name = Debug;
		};
		035A45ED1FDA32B500AD172E /* Release */ = {
			isa = XCBuildConfiguration;
			baseConfigurationReference = B2F8FEA9FDB13080964CDE74 /* Pods-FrameworkTest.release.xcconfig */;
			buildSettings = {
				ASSETCATALOG_COMPILER_APPICON_NAME = AppIcon;
				CODE_SIGN_STYLE = Automatic;
				DEVELOPMENT_TEAM = ETRBR9HA5V;
				INFOPLIST_FILE = FrameworkTest/Info.plist;
				LD_RUNPATH_SEARCH_PATHS = "$(inherited) @executable_path/Frameworks";
				PRODUCT_BUNDLE_IDENTIFIER = net.polyv.FrameworkTest;
				PRODUCT_NAME = "$(TARGET_NAME)";
				TARGETED_DEVICE_FAMILY = "1,2";
			};
			name = Release;
		};
/* End XCBuildConfiguration section */

/* Begin XCConfigurationList section */
		035A45D01FDA32B500AD172E /* Build configuration list for PBXProject "FrameworkTest" */ = {
			isa = XCConfigurationList;
			buildConfigurations = (
				035A45E91FDA32B500AD172E /* Debug */,
				035A45EA1FDA32B500AD172E /* Release */,
			);
			defaultConfigurationIsVisible = 0;
			defaultConfigurationName = Release;
		};
		035A45EB1FDA32B500AD172E /* Build configuration list for PBXNativeTarget "FrameworkTest" */ = {
			isa = XCConfigurationList;
			buildConfigurations = (
				035A45EC1FDA32B500AD172E /* Debug */,
				035A45ED1FDA32B500AD172E /* Release */,
			);
			defaultConfigurationIsVisible = 0;
			defaultConfigurationName = Release;
		};
/* End XCConfigurationList section */
	};
	rootObject = 035A45CD1FDA32B500AD172E /* Project object */;
}
